// !$*UTF8*$!
{
	archiveVersion = 1;
	classes = {
	};
	objectVersion = 56;
	objects = {

/* Begin PBXBuildFile section */
		0D352494291B01D700976C87 /* SummaryVC.swift in Sources */ = {isa = PBXBuildFile; fileRef = 0D352493291B01D700976C87 /* SummaryVC.swift */; };
		0D352496291B030300976C87 /* SummaryCell.swift in Sources */ = {isa = PBXBuildFile; fileRef = 0D352495291B030300976C87 /* SummaryCell.swift */; };
		0D3C2CE4291967EF006E560F /* AddEditRestaurantVC.swift in Sources */ = {isa = PBXBuildFile; fileRef = 0D3C2CE3291967EF006E560F /* AddEditRestaurantVC.swift */; };
		0D71B530291B2AD100985C71 /* ItemTypeButtonExt.swift in Sources */ = {isa = PBXBuildFile; fileRef = 0D71B52F291B2AD100985C71 /* ItemTypeButtonExt.swift */; };
		0D71B533291B2CBE00985C71 /* ItemType.swift in Sources */ = {isa = PBXBuildFile; fileRef = 0D71B532291B2CBE00985C71 /* ItemType.swift */; };
		0D71B535291BAAD700985C71 /* MenuItemSection.swift in Sources */ = {isa = PBXBuildFile; fileRef = 0D71B534291BAAD700985C71 /* MenuItemSection.swift */; };
		0D97349E291AA19100BFA666 /* MenuSelectionCell.swift in Sources */ = {isa = PBXBuildFile; fileRef = 0D97349D291AA19100BFA666 /* MenuSelectionCell.swift */; };
		0DE62614291962420087A90B /* AppDelegate.swift in Sources */ = {isa = PBXBuildFile; fileRef = 0DE62613291962420087A90B /* AppDelegate.swift */; };
		0DE62616291962420087A90B /* SceneDelegate.swift in Sources */ = {isa = PBXBuildFile; fileRef = 0DE62615291962420087A90B /* SceneDelegate.swift */; };
		0DE62618291962420087A90B /* RestaurantsVC.swift in Sources */ = {isa = PBXBuildFile; fileRef = 0DE62617291962420087A90B /* RestaurantsVC.swift */; };
		0DE6261B291962420087A90B /* Main.storyboard in Resources */ = {isa = PBXBuildFile; fileRef = 0DE62619291962420087A90B /* Main.storyboard */; };
		0DE6261E291962420087A90B /* billCalculator.xcdatamodeld in Sources */ = {isa = PBXBuildFile; fileRef = 0DE6261C291962420087A90B /* billCalculator.xcdatamodeld */; };
		0DE62620291962430087A90B /* Assets.xcassets in Resources */ = {isa = PBXBuildFile; fileRef = 0DE6261F291962430087A90B /* Assets.xcassets */; };
		0DE62623291962430087A90B /* LaunchScreen.storyboard in Resources */ = {isa = PBXBuildFile; fileRef = 0DE62621291962430087A90B /* LaunchScreen.storyboard */; };
		0DEE63A62919739B00506669 /* RestaurantCell.swift in Sources */ = {isa = PBXBuildFile; fileRef = 0DEE63A52919739B00506669 /* RestaurantCell.swift */; };
		0DEE63AC2919988F00506669 /* AddEditMenuVC.swift in Sources */ = {isa = PBXBuildFile; fileRef = 0DEE63AB2919988F00506669 /* AddEditMenuVC.swift */; };
		0DFEAB5529199F7100EF1A16 /* MenuItemCell.swift in Sources */ = {isa = PBXBuildFile; fileRef = 0DFEAB5429199F7100EF1A16 /* MenuItemCell.swift */; };
		0DFEAB57291A787500EF1A16 /* DataManager.swift in Sources */ = {isa = PBXBuildFile; fileRef = 0DFEAB56291A787500EF1A16 /* DataManager.swift */; };
		0DFEAB59291A8A8000EF1A16 /* GroupsVC.swift in Sources */ = {isa = PBXBuildFile; fileRef = 0DFEAB58291A8A8000EF1A16 /* GroupsVC.swift */; };
		0DFEAB5B291A90E900EF1A16 /* GroupCell.swift in Sources */ = {isa = PBXBuildFile; fileRef = 0DFEAB5A291A90E900EF1A16 /* GroupCell.swift */; };
		0DFEAB5D291A92F400EF1A16 /* Group.swift in Sources */ = {isa = PBXBuildFile; fileRef = 0DFEAB5C291A92F400EF1A16 /* Group.swift */; };
		0DFEAB61291A95FE00EF1A16 /* EachGroupVC.swift in Sources */ = {isa = PBXBuildFile; fileRef = 0DFEAB60291A95FE00EF1A16 /* EachGroupVC.swift */; };
/* End PBXBuildFile section */

/* Begin PBXFileReference section */
		0D352493291B01D700976C87 /* SummaryVC.swift */ = {isa = PBXFileReference; lastKnownFileType = sourcecode.swift; path = SummaryVC.swift; sourceTree = "<group>"; };
		0D352495291B030300976C87 /* SummaryCell.swift */ = {isa = PBXFileReference; lastKnownFileType = sourcecode.swift; path = SummaryCell.swift; sourceTree = "<group>"; };
		0D3C2CE3291967EF006E560F /* AddEditRestaurantVC.swift */ = {isa = PBXFileReference; lastKnownFileType = sourcecode.swift; path = AddEditRestaurantVC.swift; sourceTree = "<group>"; };
		0D71B52F291B2AD100985C71 /* ItemTypeButtonExt.swift */ = {isa = PBXFileReference; lastKnownFileType = sourcecode.swift; path = ItemTypeButtonExt.swift; sourceTree = "<group>"; };
		0D71B532291B2CBE00985C71 /* ItemType.swift */ = {isa = PBXFileReference; lastKnownFileType = sourcecode.swift; path = ItemType.swift; sourceTree = "<group>"; };
		0D71B534291BAAD700985C71 /* MenuItemSection.swift */ = {isa = PBXFileReference; lastKnownFileType = sourcecode.swift; path = MenuItemSection.swift; sourceTree = "<group>"; };
		0D97349D291AA19100BFA666 /* MenuSelectionCell.swift */ = {isa = PBXFileReference; lastKnownFileType = sourcecode.swift; path = MenuSelectionCell.swift; sourceTree = "<group>"; };
		0DE62610291962420087A90B /* billCalculator.app */ = {isa = PBXFileReference; explicitFileType = wrapper.application; includeInIndex = 0; path = billCalculator.app; sourceTree = BUILT_PRODUCTS_DIR; };
		0DE62613291962420087A90B /* AppDelegate.swift */ = {isa = PBXFileReference; lastKnownFileType = sourcecode.swift; path = AppDelegate.swift; sourceTree = "<group>"; };
		0DE62615291962420087A90B /* SceneDelegate.swift */ = {isa = PBXFileReference; lastKnownFileType = sourcecode.swift; path = SceneDelegate.swift; sourceTree = "<group>"; };
		0DE62617291962420087A90B /* RestaurantsVC.swift */ = {isa = PBXFileReference; lastKnownFileType = sourcecode.swift; path = RestaurantsVC.swift; sourceTree = "<group>"; };
		0DE6261A291962420087A90B /* Base */ = {isa = PBXFileReference; lastKnownFileType = file.storyboard; name = Base; path = Base.lproj/Main.storyboard; sourceTree = "<group>"; };
		0DE6261D291962420087A90B /* billCalculator.xcdatamodel */ = {isa = PBXFileReference; lastKnownFileType = wrapper.xcdatamodel; path = billCalculator.xcdatamodel; sourceTree = "<group>"; };
		0DE6261F291962430087A90B /* Assets.xcassets */ = {isa = PBXFileReference; lastKnownFileType = folder.assetcatalog; path = Assets.xcassets; sourceTree = "<group>"; };
		0DE62622291962430087A90B /* Base */ = {isa = PBXFileReference; lastKnownFileType = file.storyboard; name = Base; path = Base.lproj/LaunchScreen.storyboard; sourceTree = "<group>"; };
		0DE62624291962430087A90B /* Info.plist */ = {isa = PBXFileReference; lastKnownFileType = text.plist.xml; path = Info.plist; sourceTree = "<group>"; };
		0DEE63A52919739B00506669 /* RestaurantCell.swift */ = {isa = PBXFileReference; lastKnownFileType = sourcecode.swift; path = RestaurantCell.swift; sourceTree = "<group>"; };
		0DEE63AB2919988F00506669 /* AddEditMenuVC.swift */ = {isa = PBXFileReference; lastKnownFileType = sourcecode.swift; path = AddEditMenuVC.swift; sourceTree = "<group>"; };
		0DFEAB5429199F7100EF1A16 /* MenuItemCell.swift */ = {isa = PBXFileReference; lastKnownFileType = sourcecode.swift; path = MenuItemCell.swift; sourceTree = "<group>"; };
		0DFEAB56291A787500EF1A16 /* DataManager.swift */ = {isa = PBXFileReference; lastKnownFileType = sourcecode.swift; path = DataManager.swift; sourceTree = "<group>"; };
		0DFEAB58291A8A8000EF1A16 /* GroupsVC.swift */ = {isa = PBXFileReference; lastKnownFileType = sourcecode.swift; path = GroupsVC.swift; sourceTree = "<group>"; };
		0DFEAB5A291A90E900EF1A16 /* GroupCell.swift */ = {isa = PBXFileReference; lastKnownFileType = sourcecode.swift; path = GroupCell.swift; sourceTree = "<group>"; };
		0DFEAB5C291A92F400EF1A16 /* Group.swift */ = {isa = PBXFileReference; lastKnownFileType = sourcecode.swift; path = Group.swift; sourceTree = "<group>"; };
		0DFEAB60291A95FE00EF1A16 /* EachGroupVC.swift */ = {isa = PBXFileReference; lastKnownFileType = sourcecode.swift; path = EachGroupVC.swift; sourceTree = "<group>"; };
/* End PBXFileReference section */

/* Begin PBXFrameworksBuildPhase section */
		0DE6260D291962420087A90B /* Frameworks */ = {
			isa = PBXFrameworksBuildPhase;
			buildActionMask = 2147483647;
			files = (
			);
			runOnlyForDeploymentPostprocessing = 0;
		};
/* End PBXFrameworksBuildPhase section */

/* Begin PBXGroup section */
		0D71B52E291B2AB200985C71 /* Extensions */ = {
			isa = PBXGroup;
			children = (
				0D71B52F291B2AD100985C71 /* ItemTypeButtonExt.swift */,
			);
			path = Extensions;
			sourceTree = "<group>";
		};
		0D71B531291B2CAE00985C71 /* Enum */ = {
			isa = PBXGroup;
			children = (
				0D71B532291B2CBE00985C71 /* ItemType.swift */,
			);
			path = Enum;
			sourceTree = "<group>";
		};
		0DE62607291962420087A90B = {
			isa = PBXGroup;
			children = (
				0DE62612291962420087A90B /* billCalculator */,
				0DE62611291962420087A90B /* Products */,
			);
			sourceTree = "<group>";
		};
		0DE62611291962420087A90B /* Products */ = {
			isa = PBXGroup;
			children = (
				0DE62610291962420087A90B /* billCalculator.app */,
			);
			name = Products;
			sourceTree = "<group>";
		};
		0DE62612291962420087A90B /* billCalculator */ = {
			isa = PBXGroup;
			children = (
				0D71B531291B2CAE00985C71 /* Enum */,
				0D71B52E291B2AB200985C71 /* Extensions */,
				0DE6262C291962DB0087A90B /* Controller */,
				0DE6262B291962D00087A90B /* View */,
				0DE6262A291962C70087A90B /* Model */,
				0DE62613291962420087A90B /* AppDelegate.swift */,
				0DE62615291962420087A90B /* SceneDelegate.swift */,
				0DE62619291962420087A90B /* Main.storyboard */,
				0DE6261F291962430087A90B /* Assets.xcassets */,
				0DE62621291962430087A90B /* LaunchScreen.storyboard */,
				0DE62624291962430087A90B /* Info.plist */,
				0DE6261C291962420087A90B /* billCalculator.xcdatamodeld */,
				0DFEAB56291A787500EF1A16 /* DataManager.swift */,
			);
			path = billCalculator;
			sourceTree = "<group>";
		};
		0DE6262A291962C70087A90B /* Model */ = {
			isa = PBXGroup;
			children = (
				0DFEAB5C291A92F400EF1A16 /* Group.swift */,
				0D71B534291BAAD700985C71 /* MenuItemSection.swift */,
			);
			path = Model;
			sourceTree = "<group>";
		};
		0DE6262B291962D00087A90B /* View */ = {
			isa = PBXGroup;
			children = (
				0DEE63A52919739B00506669 /* RestaurantCell.swift */,
				0DFEAB5429199F7100EF1A16 /* MenuItemCell.swift */,
				0DFEAB5A291A90E900EF1A16 /* GroupCell.swift */,
				0D97349D291AA19100BFA666 /* MenuSelectionCell.swift */,
				0D352495291B030300976C87 /* SummaryCell.swift */,
			);
			path = View;
			sourceTree = "<group>";
		};
		0DE6262C291962DB0087A90B /* Controller */ = {
			isa = PBXGroup;
			children = (
				0DE62617291962420087A90B /* RestaurantsVC.swift */,
				0D3C2CE3291967EF006E560F /* AddEditRestaurantVC.swift */,
				0DEE63AB2919988F00506669 /* AddEditMenuVC.swift */,
				0DFEAB58291A8A8000EF1A16 /* GroupsVC.swift */,
				0DFEAB60291A95FE00EF1A16 /* EachGroupVC.swift */,
				0D352493291B01D700976C87 /* SummaryVC.swift */,
			);
			path = Controller;
			sourceTree = "<group>";
		};
/* End PBXGroup section */

/* Begin PBXNativeTarget section */
		0DE6260F291962420087A90B /* billCalculator */ = {
			isa = PBXNativeTarget;
			buildConfigurationList = 0DE62627291962430087A90B /* Build configuration list for PBXNativeTarget "billCalculator" */;
			buildPhases = (
				0DE6260C291962420087A90B /* Sources */,
				0DE6260D291962420087A90B /* Frameworks */,
				0DE6260E291962420087A90B /* Resources */,
			);
			buildRules = (
			);
			dependencies = (
			);
			name = billCalculator;
			productName = billCalculator;
			productReference = 0DE62610291962420087A90B /* billCalculator.app */;
			productType = "com.apple.product-type.application";
		};
/* End PBXNativeTarget section */

/* Begin PBXProject section */
		0DE62608291962420087A90B /* Project object */ = {
			isa = PBXProject;
			attributes = {
				BuildIndependentTargetsInParallel = 1;
				LastSwiftUpdateCheck = 1410;
				LastUpgradeCheck = 1410;
				TargetAttributes = {
					0DE6260F291962420087A90B = {
						CreatedOnToolsVersion = 14.1;
					};
				};
			};
			buildConfigurationList = 0DE6260B291962420087A90B /* Build configuration list for PBXProject "billCalculator" */;
			compatibilityVersion = "Xcode 14.0";
			developmentRegion = en;
			hasScannedForEncodings = 0;
			knownRegions = (
				en,
				Base,
			);
			mainGroup = 0DE62607291962420087A90B;
			productRefGroup = 0DE62611291962420087A90B /* Products */;
			projectDirPath = "";
			projectRoot = "";
			targets = (
				0DE6260F291962420087A90B /* billCalculator */,
			);
		};
/* End PBXProject section */

/* Begin PBXResourcesBuildPhase section */
		0DE6260E291962420087A90B /* Resources */ = {
			isa = PBXResourcesBuildPhase;
			buildActionMask = 2147483647;
			files = (
				0DE62623291962430087A90B /* LaunchScreen.storyboard in Resources */,
				0DE62620291962430087A90B /* Assets.xcassets in Resources */,
				0DE6261B291962420087A90B /* Main.storyboard in Resources */,
			);
			runOnlyForDeploymentPostprocessing = 0;
		};
/* End PBXResourcesBuildPhase section */

/* Begin PBXSourcesBuildPhase section */
		0DE6260C291962420087A90B /* Sources */ = {
			isa = PBXSourcesBuildPhase;
			buildActionMask = 2147483647;
			files = (
				0DEE63AC2919988F00506669 /* AddEditMenuVC.swift in Sources */,
				0DFEAB61291A95FE00EF1A16 /* EachGroupVC.swift in Sources */,
				0D71B533291B2CBE00985C71 /* ItemType.swift in Sources */,
				0DFEAB5529199F7100EF1A16 /* MenuItemCell.swift in Sources */,
				0D71B530291B2AD100985C71 /* ItemTypeButtonExt.swift in Sources */,
				0DFEAB5B291A90E900EF1A16 /* GroupCell.swift in Sources */,
				0DFEAB5D291A92F400EF1A16 /* Group.swift in Sources */,
				0D71B535291BAAD700985C71 /* MenuItemSection.swift in Sources */,
				0D97349E291AA19100BFA666 /* MenuSelectionCell.swift in Sources */,
				0DEE63A62919739B00506669 /* RestaurantCell.swift in Sources */,
				0DE6261E291962420087A90B /* billCalculator.xcdatamodeld in Sources */,
				0DE62618291962420087A90B /* RestaurantsVC.swift in Sources */,
				0DFEAB59291A8A8000EF1A16 /* GroupsVC.swift in Sources */,
				0D352496291B030300976C87 /* SummaryCell.swift in Sources */,
				0D352494291B01D700976C87 /* SummaryVC.swift in Sources */,
				0DE62614291962420087A90B /* AppDelegate.swift in Sources */,
				0DE62616291962420087A90B /* SceneDelegate.swift in Sources */,
				0DFEAB57291A787500EF1A16 /* DataManager.swift in Sources */,
				0D3C2CE4291967EF006E560F /* AddEditRestaurantVC.swift in Sources */,
			);
			runOnlyForDeploymentPostprocessing = 0;
		};
/* End PBXSourcesBuildPhase section */

/* Begin PBXVariantGroup section */
		0DE62619291962420087A90B /* Main.storyboard */ = {
			isa = PBXVariantGroup;
			children = (
				0DE6261A291962420087A90B /* Base */,
			);
			name = Main.storyboard;
			sourceTree = "<group>";
		};
		0DE62621291962430087A90B /* LaunchScreen.storyboard */ = {
			isa = PBXVariantGroup;
			children = (
				0DE62622291962430087A90B /* Base */,
			);
			name = LaunchScreen.storyboard;
			sourceTree = "<group>";
		};
/* End PBXVariantGroup section */

/* Begin XCBuildConfiguration section */
		0DE62625291962430087A90B /* Debug */ = {
			isa = XCBuildConfiguration;
			buildSettings = {
				ALWAYS_SEARCH_USER_PATHS = NO;
				CLANG_ANALYZER_NONNULL = YES;
				CLANG_ANALYZER_NUMBER_OBJECT_CONVERSION = YES_AGGRESSIVE;
				CLANG_CXX_LANGUAGE_STANDARD = "gnu++20";
				CLANG_ENABLE_MODULES = YES;
				CLANG_ENABLE_OBJC_ARC = YES;
				CLANG_ENABLE_OBJC_WEAK = YES;
				CLANG_WARN_BLOCK_CAPTURE_AUTORELEASING = YES;
				CLANG_WARN_BOOL_CONVERSION = YES;
				CLANG_WARN_COMMA = YES;
				CLANG_WARN_CONSTANT_CONVERSION = YES;
				CLANG_WARN_DEPRECATED_OBJC_IMPLEMENTATIONS = YES;
				CLANG_WARN_DIRECT_OBJC_ISA_USAGE = YES_ERROR;
				CLANG_WARN_DOCUMENTATION_COMMENTS = YES;
				CLANG_WARN_EMPTY_BODY = YES;
				CLANG_WARN_ENUM_CONVERSION = YES;
				CLANG_WARN_INFINITE_RECURSION = YES;
				CLANG_WARN_INT_CONVERSION = YES;
				CLANG_WARN_NON_LITERAL_NULL_CONVERSION = YES;
				CLANG_WARN_OBJC_IMPLICIT_RETAIN_SELF = YES;
				CLANG_WARN_OBJC_LITERAL_CONVERSION = YES;
				CLANG_WARN_OBJC_ROOT_CLASS = YES_ERROR;
				CLANG_WARN_QUOTED_INCLUDE_IN_FRAMEWORK_HEADER = YES;
				CLANG_WARN_RANGE_LOOP_ANALYSIS = YES;
				CLANG_WARN_STRICT_PROTOTYPES = YES;
				CLANG_WARN_SUSPICIOUS_MOVE = YES;
				CLANG_WARN_UNGUARDED_AVAILABILITY = YES_AGGRESSIVE;
				CLANG_WARN_UNREACHABLE_CODE = YES;
				CLANG_WARN__DUPLICATE_METHOD_MATCH = YES;
				COPY_PHASE_STRIP = NO;
				DEBUG_INFORMATION_FORMAT = dwarf;
				ENABLE_STRICT_OBJC_MSGSEND = YES;
				ENABLE_TESTABILITY = YES;
				GCC_C_LANGUAGE_STANDARD = gnu11;
				GCC_DYNAMIC_NO_PIC = NO;
				GCC_NO_COMMON_BLOCKS = YES;
				GCC_OPTIMIZATION_LEVEL = 0;
				GCC_PREPROCESSOR_DEFINITIONS = (
					"DEBUG=1",
					"$(inherited)",
				);
				GCC_WARN_64_TO_32_BIT_CONVERSION = YES;
				GCC_WARN_ABOUT_RETURN_TYPE = YES_ERROR;
				GCC_WARN_UNDECLARED_SELECTOR = YES;
				GCC_WARN_UNINITIALIZED_AUTOS = YES_AGGRESSIVE;
				GCC_WARN_UNUSED_FUNCTION = YES;
				GCC_WARN_UNUSED_VARIABLE = YES;
				IPHONEOS_DEPLOYMENT_TARGET = 16.1;
				MTL_ENABLE_DEBUG_INFO = INCLUDE_SOURCE;
				MTL_FAST_MATH = YES;
				ONLY_ACTIVE_ARCH = YES;
				SDKROOT = iphoneos;
				SWIFT_ACTIVE_COMPILATION_CONDITIONS = DEBUG;
				SWIFT_OPTIMIZATION_LEVEL = "-Onone";
			};
			name = Debug;
		};
		0DE62626291962430087A90B /* Release */ = {
			isa = XCBuildConfiguration;
			buildSettings = {
				ALWAYS_SEARCH_USER_PATHS = NO;
				CLANG_ANALYZER_NONNULL = YES;
				CLANG_ANALYZER_NUMBER_OBJECT_CONVERSION = YES_AGGRESSIVE;
				CLANG_CXX_LANGUAGE_STANDARD = "gnu++20";
				CLANG_ENABLE_MODULES = YES;
				CLANG_ENABLE_OBJC_ARC = YES;
				CLANG_ENABLE_OBJC_WEAK = YES;
				CLANG_WARN_BLOCK_CAPTURE_AUTORELEASING = YES;
				CLANG_WARN_BOOL_CONVERSION = YES;
				CLANG_WARN_COMMA = YES;
				CLANG_WARN_CONSTANT_CONVERSION = YES;
				CLANG_WARN_DEPRECATED_OBJC_IMPLEMENTATIONS = YES;
				CLANG_WARN_DIRECT_OBJC_ISA_USAGE = YES_ERROR;
				CLANG_WARN_DOCUMENTATION_COMMENTS = YES;
				CLANG_WARN_EMPTY_BODY = YES;
				CLANG_WARN_ENUM_CONVERSION = YES;
				CLANG_WARN_INFINITE_RECURSION = YES;
				CLANG_WARN_INT_CONVERSION = YES;
				CLANG_WARN_NON_LITERAL_NULL_CONVERSION = YES;
				CLANG_WARN_OBJC_IMPLICIT_RETAIN_SELF = YES;
				CLANG_WARN_OBJC_LITERAL_CONVERSION = YES;
				CLANG_WARN_OBJC_ROOT_CLASS = YES_ERROR;
				CLANG_WARN_QUOTED_INCLUDE_IN_FRAMEWORK_HEADER = YES;
				CLANG_WARN_RANGE_LOOP_ANALYSIS = YES;
				CLANG_WARN_STRICT_PROTOTYPES = YES;
				CLANG_WARN_SUSPICIOUS_MOVE = YES;
				CLANG_WARN_UNGUARDED_AVAILABILITY = YES_AGGRESSIVE;
				CLANG_WARN_UNREACHABLE_CODE = YES;
				CLANG_WARN__DUPLICATE_METHOD_MATCH = YES;
				COPY_PHASE_STRIP = NO;
				DEBUG_INFORMATION_FORMAT = "dwarf-with-dsym";
				ENABLE_NS_ASSERTIONS = NO;
				ENABLE_STRICT_OBJC_MSGSEND = YES;
				GCC_C_LANGUAGE_STANDARD = gnu11;
				GCC_NO_COMMON_BLOCKS = YES;
				GCC_WARN_64_TO_32_BIT_CONVERSION = YES;
				GCC_WARN_ABOUT_RETURN_TYPE = YES_ERROR;
				GCC_WARN_UNDECLARED_SELECTOR = YES;
				GCC_WARN_UNINITIALIZED_AUTOS = YES_AGGRESSIVE;
				GCC_WARN_UNUSED_FUNCTION = YES;
				GCC_WARN_UNUSED_VARIABLE = YES;
				IPHONEOS_DEPLOYMENT_TARGET = 16.1;
				MTL_ENABLE_DEBUG_INFO = NO;
				MTL_FAST_MATH = YES;
				SDKROOT = iphoneos;
				SWIFT_COMPILATION_MODE = wholemodule;
				SWIFT_OPTIMIZATION_LEVEL = "-O";
				VALIDATE_PRODUCT = YES;
			};
			name = Release;
		};
		0DE62628291962430087A90B /* Debug */ = {
			isa = XCBuildConfiguration;
			buildSettings = {
				ASSETCATALOG_COMPILER_APPICON_NAME = AppIcon;
				ASSETCATALOG_COMPILER_GLOBAL_ACCENT_COLOR_NAME = AccentColor;
				CODE_SIGN_STYLE = Automatic;
				CURRENT_PROJECT_VERSION = 1;
				DEVELOPMENT_TEAM = 7BM64W2FGU;
				GENERATE_INFOPLIST_FILE = YES;
				INFOPLIST_FILE = billCalculator/Info.plist;
				INFOPLIST_KEY_UIApplicationSupportsIndirectInputEvents = YES;
				INFOPLIST_KEY_UILaunchStoryboardName = LaunchScreen;
				INFOPLIST_KEY_UIMainStoryboardFile = Main;
				INFOPLIST_KEY_UISupportedInterfaceOrientations = UIInterfaceOrientationPortrait;
				INFOPLIST_KEY_UISupportedInterfaceOrientations_iPad = "UIInterfaceOrientationLandscapeLeft UIInterfaceOrientationLandscapeRight UIInterfaceOrientationPortrait UIInterfaceOrientationPortraitUpsideDown";
				LD_RUNPATH_SEARCH_PATHS = (
					"$(inherited)",
					"@executable_path/Frameworks",
				);
				MARKETING_VERSION = 1.0;
				PRODUCT_BUNDLE_IDENTIFIER = co.howangleung.billCalculator;
				PRODUCT_NAME = "$(TARGET_NAME)";
				SWIFT_EMIT_LOC_STRINGS = YES;
				SWIFT_VERSION = 5.0;
				TARGETED_DEVICE_FAMILY = "1,2";
			};
			name = Debug;
		};
		0DE62629291962430087A90B /* Release */ = {
			isa = XCBuildConfiguration;
			buildSettings = {
				ASSETCATALOG_COMPILER_APPICON_NAME = AppIcon;
				ASSETCATALOG_COMPILER_GLOBAL_ACCENT_COLOR_NAME = AccentColor;
				CODE_SIGN_STYLE = Automatic;
				CURRENT_PROJECT_VERSION = 1;
				DEVELOPMENT_TEAM = 7BM64W2FGU;
				GENERATE_INFOPLIST_FILE = YES;
				INFOPLIST_FILE = billCalculator/Info.plist;
				INFOPLIST_KEY_UIApplicationSupportsIndirectInputEvents = YES;
				INFOPLIST_KEY_UILaunchStoryboardName = LaunchScreen;
				INFOPLIST_KEY_UIMainStoryboardFile = Main;
				INFOPLIST_KEY_UISupportedInterfaceOrientations = UIInterfaceOrientationPortrait;
				INFOPLIST_KEY_UISupportedInterfaceOrientations_iPad = "UIInterfaceOrientationLandscapeLeft UIInterfaceOrientationLandscapeRight UIInterfaceOrientationPortrait UIInterfaceOrientationPortraitUpsideDown";
				LD_RUNPATH_SEARCH_PATHS = (
					"$(inherited)",
					"@executable_path/Frameworks",
				);
				MARKETING_VERSION = 1.0;
				PRODUCT_BUNDLE_IDENTIFIER = co.howangleung.billCalculator;
				PRODUCT_NAME = "$(TARGET_NAME)";
				SWIFT_EMIT_LOC_STRINGS = YES;
				SWIFT_VERSION = 5.0;
				TARGETED_DEVICE_FAMILY = "1,2";
			};
			name = Release;
		};
/* End XCBuildConfiguration section */

/* Begin XCConfigurationList section */
		0DE6260B291962420087A90B /* Build configuration list for PBXProject "billCalculator" */ = {
			isa = XCConfigurationList;
			buildConfigurations = (
				0DE62625291962430087A90B /* Debug */,
				0DE62626291962430087A90B /* Release */,
			);
			defaultConfigurationIsVisible = 0;
			defaultConfigurationName = Release;
		};
		0DE62627291962430087A90B /* Build configuration list for PBXNativeTarget "billCalculator" */ = {
			isa = XCConfigurationList;
			buildConfigurations = (
				0DE62628291962430087A90B /* Debug */,
				0DE62629291962430087A90B /* Release */,
			);
			defaultConfigurationIsVisible = 0;
			defaultConfigurationName = Release;
		};
/* End XCConfigurationList section */

/* Begin XCVersionGroup section */
		0DE6261C291962420087A90B /* billCalculator.xcdatamodeld */ = {
			isa = XCVersionGroup;
			children = (
				0DE6261D291962420087A90B /* billCalculator.xcdatamodel */,
			);
			currentVersion = 0DE6261D291962420087A90B /* billCalculator.xcdatamodel */;
			path = billCalculator.xcdatamodeld;
			sourceTree = "<group>";
			versionGroupType = wrapper.xcdatamodel;
		};
/* End XCVersionGroup section */
	};
	rootObject = 0DE62608291962420087A90B /* Project object */;
}
